
Microsoft Visual Studio Solution File, Format Version 12.00
# Visual Studio Version 17
VisualStudioVersion = 17.3.32929.385
MinimumVisualStudioVersion = 10.0.40219.1
Project("{FAE04EC0-301F-11D3-BF4B-00C04F79EFBC}") = "WindowsFormsApp1", "WindowsFormsApp1\WindowsFormsApp1.csproj", "{2EF1E784-8E31-448B-84E7-9D4D86DC9FE8}"
EndProject
Global
	GlobalSection(SolutionConfigurationPlatforms) = preSolution
		Debug|Any CPU = Debug|Any CPU
		Release|Any CPU = Release|Any CPU
	EndGlobalSection
	GlobalSection(ProjectConfigurationPlatforms) = postSolution
		{2EF1E784-8E31-448B-84E7-9D4D86DC9FE8}.Debug|Any CPU.ActiveCfg = Debug|Any CPU
		{2EF1E784-8E31-448B-84E7-9D4D86DC9FE8}.Debug|Any CPU.Build.0 = Debug|Any CPU
		{2EF1E784-8E31-448B-84E7-9D4D86DC9FE8}.Release|Any CPU.ActiveCfg = Release|Any CPU
		{2EF1E784-8E31-448B-84E7-9D4D86DC9FE8}.Release|Any CPU.Build.0 = Release|Any CPU
	EndGlobalSection
	GlobalSection(SolutionProperties) = preSolution
		HideSolutionNode = FALSE
	EndGlobalSection
	GlobalSection(ExtensibilityGlobals) = postSolution
		SolutionGuid = {3A85297C-E87D-40A3-8522-9A81EFF68F9E}
	EndGlobalSection
EndGlobal
